{
  "originHash" : "3895568de680a64dd06b5e86cad5a360e874de0f043a526aa5a059fbf852bae0",
  "pins" : [
    {
      "identity" : "inject",
      "kind" : "remoteSourceControl",
      "location" : "https://github.com/krzysztofzablocki/Inject.git",
      "state" : {
        "revision" : "728c56639ecb3df441d51d5bc6747329afabcfc9",
        "version" : "1.5.2"
      }
    },
    {
      "identity" : "swift",
      "kind" : "remoteSourceControl",
      "location" : "https://github.com/phosphor-icons/swift",
      "state" : {
        "revision" : "9a9467181782bbe319ad4935d0993c77cd8a5fbc",
        "version" : "2.1.0"
      }
    }
  ],
  "version" : 3
}
