// !$*UTF8*$!
{
	archiveVersion = 1;
	classes = {
	};
	objectVersion = 77;
	objects = {

/* Begin PBXBuildFile section */
		5D0947092DCD1312006ACA5F /* Inject in Frameworks */ = {isa = PBXBuildFile; productRef = 5D0947082DCD1312006ACA5F /* Inject */; };
		5DB79DFB2DAAB11500E39BCD /* PhosphorSwift in Frameworks */ = {isa = PBXBuildFile; productRef = 5DB79DFA2DAAB11500E39BCD /* PhosphorSwift */; };
/* End PBXBuildFile section */

/* Begin PBXContainerItemProxy section */
		5DB79CFB2DAAA00600E39BCD /* PBXContainerItemProxy */ = {
			isa = PBXContainerItemProxy;
			containerPortal = 5DB79CE22DAAA00400E39BCD /* Project object */;
			proxyType = 1;
			remoteGlobalIDString = 5DB79CE92DAAA00400E39BCD;
			remoteInfo = ReMedi;
		};
		5DB79D052DAAA00600E39BCD /* PBXContainerItemProxy */ = {
			isa = PBXContainerItemProxy;
			containerPortal = 5DB79CE22DAAA00400E39BCD /* Project object */;
			proxyType = 1;
			remoteGlobalIDString = 5DB79CE92DAAA00400E39BCD;
			remoteInfo = ReMedi;
		};
/* End PBXContainerItemProxy section */

/* Begin PBXFileReference section */
		5DB79CEA2DAAA00400E39BCD /* ReMedi.app */ = {isa = PBXFileReference; explicitFileType = wrapper.application; includeInIndex = 0; path = ReMedi.app; sourceTree = BUILT_PRODUCTS_DIR; };
		5DB79CFA2DAAA00600E39BCD /* ReMediTests.xctest */ = {isa = PBXFileReference; explicitFileType = wrapper.cfbundle; includeInIndex = 0; path = ReMediTests.xctest; sourceTree = BUILT_PRODUCTS_DIR; };
		5DB79D042DAAA00600E39BCD /* ReMediUITests.xctest */ = {isa = PBXFileReference; explicitFileType = wrapper.cfbundle; includeInIndex = 0; path = ReMediUITests.xctest; sourceTree = BUILT_PRODUCTS_DIR; };
/* End PBXFileReference section */

/* Begin PBXFileSystemSynchronizedBuildFileExceptionSet section */
		5DB79DF62DAAA44E00E39BCD /* Exceptions for "ReMedi" folder in "ReMedi" target */ = {
			isa = PBXFileSystemSynchronizedBuildFileExceptionSet;
			membershipExceptions = (
				Info.plist,
			);
			target = 5DB79CE92DAAA00400E39BCD /* ReMedi */;
		};
/* End PBXFileSystemSynchronizedBuildFileExceptionSet section */

/* Begin PBXFileSystemSynchronizedRootGroup section */
		5DB79CEC2DAAA00400E39BCD /* ReMedi */ = {
			isa = PBXFileSystemSynchronizedRootGroup;
			exceptions = (
				5DB79DF62DAAA44E00E39BCD /* Exceptions for "ReMedi" folder in "ReMedi" target */,
			);
			path = ReMedi;
			sourceTree = "<group>";
		};
		5DB79CFD2DAAA00600E39BCD /* ReMediTests */ = {
			isa = PBXFileSystemSynchronizedRootGroup;
			path = ReMediTests;
			sourceTree = "<group>";
		};
		5DB79D072DAAA00600E39BCD /* ReMediUITests */ = {
			isa = PBXFileSystemSynchronizedRootGroup;
			path = ReMediUITests;
			sourceTree = "<group>";
		};
		5DB79E172DAACB8C00E39BCD /* Resources */ = {
			isa = PBXFileSystemSynchronizedRootGroup;
			path = Resources;
			sourceTree = "<group>";
		};
		5DB79E282DAACB9100E39BCD /* Extension */ = {
			isa = PBXFileSystemSynchronizedRootGroup;
			path = Extension;
			sourceTree = "<group>";
		};
		5DB79E362DAADED600E39BCD /* Models */ = {
			isa = PBXFileSystemSynchronizedRootGroup;
			path = Models;
			sourceTree = "<group>";
		};
		5DB79E392DAAE13D00E39BCD /* Data */ = {
			isa = PBXFileSystemSynchronizedRootGroup;
			path = Data;
			sourceTree = "<group>";
		};
		5DB79E3E2DAAE1ED00E39BCD /* Enum */ = {
			isa = PBXFileSystemSynchronizedRootGroup;
			path = Enum;
			sourceTree = "<group>";
		};
		5DB79E452DAAE22900E39BCD /* Utility */ = {
			isa = PBXFileSystemSynchronizedRootGroup;
			path = Utility;
			sourceTree = "<group>";
		};
/* End PBXFileSystemSynchronizedRootGroup section */

/* Begin PBXFrameworksBuildPhase section */
		5DB79CE72DAAA00400E39BCD /* Frameworks */ = {
			isa = PBXFrameworksBuildPhase;
			buildActionMask = 2147483647;
			files = (
				5DB79DFB2DAAB11500E39BCD /* PhosphorSwift in Frameworks */,
				5D0947092DCD1312006ACA5F /* Inject in Frameworks */,
			);
			runOnlyForDeploymentPostprocessing = 0;
		};
		5DB79CF72DAAA00600E39BCD /* Frameworks */ = {
			isa = PBXFrameworksBuildPhase;
			buildActionMask = 2147483647;
			files = (
			);
			runOnlyForDeploymentPostprocessing = 0;
		};
		5DB79D012DAAA00600E39BCD /* Frameworks */ = {
			isa = PBXFrameworksBuildPhase;
			buildActionMask = 2147483647;
			files = (
			);
			runOnlyForDeploymentPostprocessing = 0;
		};
/* End PBXFrameworksBuildPhase section */

/* Begin PBXGroup section */
		5DB79CE12DAAA00400E39BCD = {
			isa = PBXGroup;
			children = (
				5DB79E452DAAE22900E39BCD /* Utility */,
				5DB79E3E2DAAE1ED00E39BCD /* Enum */,
				5DB79E392DAAE13D00E39BCD /* Data */,
				5DB79E282DAACB9100E39BCD /* Extension */,
				5DB79E172DAACB8C00E39BCD /* Resources */,
				5DB79CEC2DAAA00400E39BCD /* ReMedi */,
				5DB79CFD2DAAA00600E39BCD /* ReMediTests */,
				5DB79D072DAAA00600E39BCD /* ReMediUITests */,
				5DB79CEB2DAAA00400E39BCD /* Products */,
				5DB79E362DAADED600E39BCD /* Models */,
			);
			sourceTree = "<group>";
		};
		5DB79CEB2DAAA00400E39BCD /* Products */ = {
			isa = PBXGroup;
			children = (
				5DB79CEA2DAAA00400E39BCD /* ReMedi.app */,
				5DB79CFA2DAAA00600E39BCD /* ReMediTests.xctest */,
				5DB79D042DAAA00600E39BCD /* ReMediUITests.xctest */,
			);
			name = Products;
			sourceTree = "<group>";
		};
/* End PBXGroup section */

/* Begin PBXNativeTarget section */
		5DB79CE92DAAA00400E39BCD /* ReMedi */ = {
			isa = PBXNativeTarget;
			buildConfigurationList = 5DB79D0E2DAAA00600E39BCD /* Build configuration list for PBXNativeTarget "ReMedi" */;
			buildPhases = (
				5DB79CE62DAAA00400E39BCD /* Sources */,
				5DB79CE72DAAA00400E39BCD /* Frameworks */,
				5DB79CE82DAAA00400E39BCD /* Resources */,
			);
			buildRules = (
			);
			dependencies = (
			);
			fileSystemSynchronizedGroups = (
				5DB79CEC2DAAA00400E39BCD /* ReMedi */,
				5DB79E172DAACB8C00E39BCD /* Resources */,
				5DB79E282DAACB9100E39BCD /* Extension */,
				5DB79E362DAADED600E39BCD /* Models */,
				5DB79E392DAAE13D00E39BCD /* Data */,
				5DB79E3E2DAAE1ED00E39BCD /* Enum */,
				5DB79E452DAAE22900E39BCD /* Utility */,
			);
			name = ReMedi;
			packageProductDependencies = (
				5DB79DFA2DAAB11500E39BCD /* PhosphorSwift */,
				5D0947082DCD1312006ACA5F /* Inject */,
			);
			productName = ReMedi;
			productReference = 5DB79CEA2DAAA00400E39BCD /* ReMedi.app */;
			productType = "com.apple.product-type.application";
		};
		5DB79CF92DAAA00600E39BCD /* ReMediTests */ = {
			isa = PBXNativeTarget;
			buildConfigurationList = 5DB79D112DAAA00600E39BCD /* Build configuration list for PBXNativeTarget "ReMediTests" */;
			buildPhases = (
				5DB79CF62DAAA00600E39BCD /* Sources */,
				5DB79CF72DAAA00600E39BCD /* Frameworks */,
				5DB79CF82DAAA00600E39BCD /* Resources */,
			);
			buildRules = (
			);
			dependencies = (
				5DB79CFC2DAAA00600E39BCD /* PBXTargetDependency */,
			);
			fileSystemSynchronizedGroups = (
				5DB79CFD2DAAA00600E39BCD /* ReMediTests */,
			);
			name = ReMediTests;
			packageProductDependencies = (
			);
			productName = ReMediTests;
			productReference = 5DB79CFA2DAAA00600E39BCD /* ReMediTests.xctest */;
			productType = "com.apple.product-type.bundle.unit-test";
		};
		5DB79D032DAAA00600E39BCD /* ReMediUITests */ = {
			isa = PBXNativeTarget;
			buildConfigurationList = 5DB79D142DAAA00600E39BCD /* Build configuration list for PBXNativeTarget "ReMediUITests" */;
			buildPhases = (
				5DB79D002DAAA00600E39BCD /* Sources */,
				5DB79D012DAAA00600E39BCD /* Frameworks */,
				5DB79D022DAAA00600E39BCD /* Resources */,
			);
			buildRules = (
			);
			dependencies = (
				5DB79D062DAAA00600E39BCD /* PBXTargetDependency */,
			);
			fileSystemSynchronizedGroups = (
				5DB79D072DAAA00600E39BCD /* ReMediUITests */,
			);
			name = ReMediUITests;
			packageProductDependencies = (
			);
			productName = ReMediUITests;
			productReference = 5DB79D042DAAA00600E39BCD /* ReMediUITests.xctest */;
			productType = "com.apple.product-type.bundle.ui-testing";
		};
/* End PBXNativeTarget section */

/* Begin PBXProject section */
		5DB79CE22DAAA00400E39BCD /* Project object */ = {
			isa = PBXProject;
			attributes = {
				BuildIndependentTargetsInParallel = 1;
				LastSwiftUpdateCheck = 1600;
				LastUpgradeCheck = 1600;
				TargetAttributes = {
					5DB79CE92DAAA00400E39BCD = {
						CreatedOnToolsVersion = 16.0;
					};
					5DB79CF92DAAA00600E39BCD = {
						CreatedOnToolsVersion = 16.0;
						TestTargetID = 5DB79CE92DAAA00400E39BCD;
					};
					5DB79D032DAAA00600E39BCD = {
						CreatedOnToolsVersion = 16.0;
						TestTargetID = 5DB79CE92DAAA00400E39BCD;
					};
				};
			};
			buildConfigurationList = 5DB79CE52DAAA00400E39BCD /* Build configuration list for PBXProject "ReMedi" */;
			developmentRegion = en;
			hasScannedForEncodings = 0;
			knownRegions = (
				en,
				Base,
			);
			mainGroup = 5DB79CE12DAAA00400E39BCD;
			minimizedProjectReferenceProxies = 1;
			packageReferences = (
				5DB79DF92DAAB11500E39BCD /* XCRemoteSwiftPackageReference "swift" */,
				5D0947072DCD1312006ACA5F /* XCRemoteSwiftPackageReference "Inject" */,
			);
			preferredProjectObjectVersion = 77;
			productRefGroup = 5DB79CEB2DAAA00400E39BCD /* Products */;
			projectDirPath = "";
			projectRoot = "";
			targets = (
				5DB79CE92DAAA00400E39BCD /* ReMedi */,
				5DB79CF92DAAA00600E39BCD /* ReMediTests */,
				5DB79D032DAAA00600E39BCD /* ReMediUITests */,
			);
		};
/* End PBXProject section */

/* Begin PBXResourcesBuildPhase section */
		5DB79CE82DAAA00400E39BCD /* Resources */ = {
			isa = PBXResourcesBuildPhase;
			buildActionMask = 2147483647;
			files = (
			);
			runOnlyForDeploymentPostprocessing = 0;
		};
		5DB79CF82DAAA00600E39BCD /* Resources */ = {
			isa = PBXResourcesBuildPhase;
			buildActionMask = 2147483647;
			files = (
			);
			runOnlyForDeploymentPostprocessing = 0;
		};
		5DB79D022DAAA00600E39BCD /* Resources */ = {
			isa = PBXResourcesBuildPhase;
			buildActionMask = 2147483647;
			files = (
			);
			runOnlyForDeploymentPostprocessing = 0;
		};
/* End PBXResourcesBuildPhase section */

/* Begin PBXSourcesBuildPhase section */
		5DB79CE62DAAA00400E39BCD /* Sources */ = {
			isa = PBXSourcesBuildPhase;
			buildActionMask = 2147483647;
			files = (
			);
			runOnlyForDeploymentPostprocessing = 0;
		};
		5DB79CF62DAAA00600E39BCD /* Sources */ = {
			isa = PBXSourcesBuildPhase;
			buildActionMask = 2147483647;
			files = (
			);
			runOnlyForDeploymentPostprocessing = 0;
		};
		5DB79D002DAAA00600E39BCD /* Sources */ = {
			isa = PBXSourcesBuildPhase;
			buildActionMask = 2147483647;
			files = (
			);
			runOnlyForDeploymentPostprocessing = 0;
		};
/* End PBXSourcesBuildPhase section */

/* Begin PBXTargetDependency section */
		5DB79CFC2DAAA00600E39BCD /* PBXTargetDependency */ = {
			isa = PBXTargetDependency;
			target = 5DB79CE92DAAA00400E39BCD /* ReMedi */;
			targetProxy = 5DB79CFB2DAAA00600E39BCD /* PBXContainerItemProxy */;
		};
		5DB79D062DAAA00600E39BCD /* PBXTargetDependency */ = {
			isa = PBXTargetDependency;
			target = 5DB79CE92DAAA00400E39BCD /* ReMedi */;
			targetProxy = 5DB79D052DAAA00600E39BCD /* PBXContainerItemProxy */;
		};
/* End PBXTargetDependency section */

/* Begin XCBuildConfiguration section */
		5DB79D0C2DAAA00600E39BCD /* Debug */ = {
			isa = XCBuildConfiguration;
			buildSettings = {
				ALWAYS_SEARCH_USER_PATHS = NO;
				ASSETCATALOG_COMPILER_GENERATE_SWIFT_ASSET_SYMBOL_EXTENSIONS = YES;
				CLANG_ANALYZER_NONNULL = YES;
				CLANG_ANALYZER_NUMBER_OBJECT_CONVERSION = YES_AGGRESSIVE;
				CLANG_CXX_LANGUAGE_STANDARD = "gnu++20";
				CLANG_ENABLE_MODULES = YES;
				CLANG_ENABLE_OBJC_ARC = YES;
				CLANG_ENABLE_OBJC_WEAK = YES;
				CLANG_WARN_BLOCK_CAPTURE_AUTORELEASING = YES;
				CLANG_WARN_BOOL_CONVERSION = YES;
				CLANG_WARN_COMMA = YES;
				CLANG_WARN_CONSTANT_CONVERSION = YES;
				CLANG_WARN_DEPRECATED_OBJC_IMPLEMENTATIONS = YES;
				CLANG_WARN_DIRECT_OBJC_ISA_USAGE = YES_ERROR;
				CLANG_WARN_DOCUMENTATION_COMMENTS = YES;
				CLANG_WARN_EMPTY_BODY = YES;
				CLANG_WARN_ENUM_CONVERSION = YES;
				CLANG_WARN_INFINITE_RECURSION = YES;
				CLANG_WARN_INT_CONVERSION = YES;
				CLANG_WARN_NON_LITERAL_NULL_CONVERSION = YES;
				CLANG_WARN_OBJC_IMPLICIT_RETAIN_SELF = YES;
				CLANG_WARN_OBJC_LITERAL_CONVERSION = YES;
				CLANG_WARN_OBJC_ROOT_CLASS = YES_ERROR;
				CLANG_WARN_QUOTED_INCLUDE_IN_FRAMEWORK_HEADER = YES;
				CLANG_WARN_RANGE_LOOP_ANALYSIS = YES;
				CLANG_WARN_STRICT_PROTOTYPES = YES;
				CLANG_WARN_SUSPICIOUS_MOVE = YES;
				CLANG_WARN_UNGUARDED_AVAILABILITY = YES_AGGRESSIVE;
				CLANG_WARN_UNREACHABLE_CODE = YES;
				CLANG_WARN__DUPLICATE_METHOD_MATCH = YES;
				COPY_PHASE_STRIP = NO;
				DEBUG_INFORMATION_FORMAT = dwarf;
				ENABLE_STRICT_OBJC_MSGSEND = YES;
				ENABLE_TESTABILITY = YES;
				ENABLE_USER_SCRIPT_SANDBOXING = YES;
				GCC_C_LANGUAGE_STANDARD = gnu17;
				GCC_DYNAMIC_NO_PIC = NO;
				GCC_NO_COMMON_BLOCKS = YES;
				GCC_OPTIMIZATION_LEVEL = 0;
				GCC_PREPROCESSOR_DEFINITIONS = (
					"DEBUG=1",
					"$(inherited)",
				);
				GCC_WARN_64_TO_32_BIT_CONVERSION = YES;
				GCC_WARN_ABOUT_RETURN_TYPE = YES_ERROR;
				GCC_WARN_UNDECLARED_SELECTOR = YES;
				GCC_WARN_UNINITIALIZED_AUTOS = YES_AGGRESSIVE;
				GCC_WARN_UNUSED_FUNCTION = YES;
				GCC_WARN_UNUSED_VARIABLE = YES;
				IPHONEOS_DEPLOYMENT_TARGET = 18.0;
				LOCALIZATION_PREFERS_STRING_CATALOGS = YES;
				MTL_ENABLE_DEBUG_INFO = INCLUDE_SOURCE;
				MTL_FAST_MATH = YES;
				ONLY_ACTIVE_ARCH = YES;
				OTHER_LDFLAGS = "";
				SDKROOT = iphoneos;
				SWIFT_ACTIVE_COMPILATION_CONDITIONS = "DEBUG $(inherited)";
				SWIFT_OPTIMIZATION_LEVEL = "-Onone";
			};
			name = Debug;
		};
		5DB79D0D2DAAA00600E39BCD /* Release */ = {
			isa = XCBuildConfiguration;
			buildSettings = {
				ALWAYS_SEARCH_USER_PATHS = NO;
				ASSETCATALOG_COMPILER_GENERATE_SWIFT_ASSET_SYMBOL_EXTENSIONS = YES;
				CLANG_ANALYZER_NONNULL = YES;
				CLANG_ANALYZER_NUMBER_OBJECT_CONVERSION = YES_AGGRESSIVE;
				CLANG_CXX_LANGUAGE_STANDARD = "gnu++20";
				CLANG_ENABLE_MODULES = YES;
				CLANG_ENABLE_OBJC_ARC = YES;
				CLANG_ENABLE_OBJC_WEAK = YES;
				CLANG_WARN_BLOCK_CAPTURE_AUTORELEASING = YES;
				CLANG_WARN_BOOL_CONVERSION = YES;
				CLANG_WARN_COMMA = YES;
				CLANG_WARN_CONSTANT_CONVERSION = YES;
				CLANG_WARN_DEPRECATED_OBJC_IMPLEMENTATIONS = YES;
				CLANG_WARN_DIRECT_OBJC_ISA_USAGE = YES_ERROR;
				CLANG_WARN_DOCUMENTATION_COMMENTS = YES;
				CLANG_WARN_EMPTY_BODY = YES;
				CLANG_WARN_ENUM_CONVERSION = YES;
				CLANG_WARN_INFINITE_RECURSION = YES;
				CLANG_WARN_INT_CONVERSION = YES;
				CLANG_WARN_NON_LITERAL_NULL_CONVERSION = YES;
				CLANG_WARN_OBJC_IMPLICIT_RETAIN_SELF = YES;
				CLANG_WARN_OBJC_LITERAL_CONVERSION = YES;
				CLANG_WARN_OBJC_ROOT_CLASS = YES_ERROR;
				CLANG_WARN_QUOTED_INCLUDE_IN_FRAMEWORK_HEADER = YES;
				CLANG_WARN_RANGE_LOOP_ANALYSIS = YES;
				CLANG_WARN_STRICT_PROTOTYPES = YES;
				CLANG_WARN_SUSPICIOUS_MOVE = YES;
				CLANG_WARN_UNGUARDED_AVAILABILITY = YES_AGGRESSIVE;
				CLANG_WARN_UNREACHABLE_CODE = YES;
				CLANG_WARN__DUPLICATE_METHOD_MATCH = YES;
				COPY_PHASE_STRIP = NO;
				DEBUG_INFORMATION_FORMAT = "dwarf-with-dsym";
				ENABLE_NS_ASSERTIONS = NO;
				ENABLE_STRICT_OBJC_MSGSEND = YES;
				ENABLE_USER_SCRIPT_SANDBOXING = YES;
				GCC_C_LANGUAGE_STANDARD = gnu17;
				GCC_NO_COMMON_BLOCKS = YES;
				GCC_WARN_64_TO_32_BIT_CONVERSION = YES;
				GCC_WARN_ABOUT_RETURN_TYPE = YES_ERROR;
				GCC_WARN_UNDECLARED_SELECTOR = YES;
				GCC_WARN_UNINITIALIZED_AUTOS = YES_AGGRESSIVE;
				GCC_WARN_UNUSED_FUNCTION = YES;
				GCC_WARN_UNUSED_VARIABLE = YES;
				IPHONEOS_DEPLOYMENT_TARGET = 18.0;
				LOCALIZATION_PREFERS_STRING_CATALOGS = YES;
				MTL_ENABLE_DEBUG_INFO = NO;
				MTL_FAST_MATH = YES;
				OTHER_LDFLAGS = "";
				SDKROOT = iphoneos;
				SWIFT_COMPILATION_MODE = wholemodule;
				VALIDATE_PRODUCT = YES;
			};
			name = Release;
		};
		5DB79D0F2DAAA00600E39BCD /* Debug */ = {
			isa = XCBuildConfiguration;
			buildSettings = {
				ASSETCATALOG_COMPILER_APPICON_NAME = AppIcon;
				ASSETCATALOG_COMPILER_GLOBAL_ACCENT_COLOR_NAME = AccentColor;
				CODE_SIGN_STYLE = Automatic;
				CURRENT_PROJECT_VERSION = 1;
				DEVELOPMENT_ASSET_PATHS = "\"ReMedi/Preview Content\"";
				DEVELOPMENT_TEAM = BCLA727S8J;
				ENABLE_PREVIEWS = YES;
				GENERATE_INFOPLIST_FILE = YES;
				INFOPLIST_FILE = ReMedi/Info.plist;
				INFOPLIST_KEY_UIApplicationSceneManifest_Generation = YES;
				INFOPLIST_KEY_UIApplicationSupportsIndirectInputEvents = YES;
				INFOPLIST_KEY_UILaunchScreen_Generation = YES;
				INFOPLIST_KEY_UISupportedInterfaceOrientations_iPad = "UIInterfaceOrientationPortrait UIInterfaceOrientationPortraitUpsideDown UIInterfaceOrientationLandscapeLeft UIInterfaceOrientationLandscapeRight";
				INFOPLIST_KEY_UISupportedInterfaceOrientations_iPhone = "UIInterfaceOrientationPortrait UIInterfaceOrientationLandscapeLeft UIInterfaceOrientationLandscapeRight";
				LD_RUNPATH_SEARCH_PATHS = (
					"$(inherited)",
					"@executable_path/Frameworks",
				);
				MARKETING_VERSION = 1.0;
				OTHER_LDFLAGS = (
					"-Xlinker",
					"-interposable",
				);
				PRODUCT_BUNDLE_IDENTIFIER = com.rydwandev.ReMedi;
				PRODUCT_NAME = "$(TARGET_NAME)";
				SWIFT_EMIT_LOC_STRINGS = YES;
				SWIFT_VERSION = 5.0;
				TARGETED_DEVICE_FAMILY = "1,2";
			};
			name = Debug;
		};
		5DB79D102DAAA00600E39BCD /* Release */ = {
			isa = XCBuildConfiguration;
			buildSettings = {
				ASSETCATALOG_COMPILER_APPICON_NAME = AppIcon;
				ASSETCATALOG_COMPILER_GLOBAL_ACCENT_COLOR_NAME = AccentColor;
				CODE_SIGN_STYLE = Automatic;
				CURRENT_PROJECT_VERSION = 1;
				DEVELOPMENT_ASSET_PATHS = "\"ReMedi/Preview Content\"";
				DEVELOPMENT_TEAM = BCLA727S8J;
				ENABLE_PREVIEWS = YES;
				GENERATE_INFOPLIST_FILE = YES;
				INFOPLIST_FILE = ReMedi/Info.plist;
				INFOPLIST_KEY_UIApplicationSceneManifest_Generation = YES;
				INFOPLIST_KEY_UIApplicationSupportsIndirectInputEvents = YES;
				INFOPLIST_KEY_UILaunchScreen_Generation = YES;
				INFOPLIST_KEY_UISupportedInterfaceOrientations_iPad = "UIInterfaceOrientationPortrait UIInterfaceOrientationPortraitUpsideDown UIInterfaceOrientationLandscapeLeft UIInterfaceOrientationLandscapeRight";
				INFOPLIST_KEY_UISupportedInterfaceOrientations_iPhone = "UIInterfaceOrientationPortrait UIInterfaceOrientationLandscapeLeft UIInterfaceOrientationLandscapeRight";
				LD_RUNPATH_SEARCH_PATHS = (
					"$(inherited)",
					"@executable_path/Frameworks",
				);
				MARKETING_VERSION = 1.0;
				OTHER_LDFLAGS = (
					"-Xlinker",
					"-interposable",
				);
				PRODUCT_BUNDLE_IDENTIFIER = com.rydwandev.ReMedi;
				PRODUCT_NAME = "$(TARGET_NAME)";
				SWIFT_EMIT_LOC_STRINGS = YES;
				SWIFT_VERSION = 5.0;
				TARGETED_DEVICE_FAMILY = "1,2";
			};
			name = Release;
		};
		5DB79D122DAAA00600E39BCD /* Debug */ = {
			isa = XCBuildConfiguration;
			buildSettings = {
				BUNDLE_LOADER = "$(TEST_HOST)";
				CODE_SIGN_STYLE = Automatic;
				CURRENT_PROJECT_VERSION = 1;
				DEVELOPMENT_TEAM = BCLA727S8J;
				GENERATE_INFOPLIST_FILE = YES;
				IPHONEOS_DEPLOYMENT_TARGET = 18.0;
				MARKETING_VERSION = 1.0;
				PRODUCT_BUNDLE_IDENTIFIER = com.rydwandev.ReMediTests;
				PRODUCT_NAME = "$(TARGET_NAME)";
				SWIFT_EMIT_LOC_STRINGS = NO;
				SWIFT_VERSION = 5.0;
				TARGETED_DEVICE_FAMILY = "1,2";
				TEST_HOST = "$(BUILT_PRODUCTS_DIR)/ReMedi.app/$(BUNDLE_EXECUTABLE_FOLDER_PATH)/ReMedi";
			};
			name = Debug;
		};
		5DB79D132DAAA00600E39BCD /* Release */ = {
			isa = XCBuildConfiguration;
			buildSettings = {
				BUNDLE_LOADER = "$(TEST_HOST)";
				CODE_SIGN_STYLE = Automatic;
				CURRENT_PROJECT_VERSION = 1;
				DEVELOPMENT_TEAM = BCLA727S8J;
				GENERATE_INFOPLIST_FILE = YES;
				IPHONEOS_DEPLOYMENT_TARGET = 18.0;
				MARKETING_VERSION = 1.0;
				PRODUCT_BUNDLE_IDENTIFIER = com.rydwandev.ReMediTests;
				PRODUCT_NAME = "$(TARGET_NAME)";
				SWIFT_EMIT_LOC_STRINGS = NO;
				SWIFT_VERSION = 5.0;
				TARGETED_DEVICE_FAMILY = "1,2";
				TEST_HOST = "$(BUILT_PRODUCTS_DIR)/ReMedi.app/$(BUNDLE_EXECUTABLE_FOLDER_PATH)/ReMedi";
			};
			name = Release;
		};
		5DB79D152DAAA00600E39BCD /* Debug */ = {
			isa = XCBuildConfiguration;
			buildSettings = {
				CODE_SIGN_STYLE = Automatic;
				CURRENT_PROJECT_VERSION = 1;
				DEVELOPMENT_TEAM = BCLA727S8J;
				GENERATE_INFOPLIST_FILE = YES;
				MARKETING_VERSION = 1.0;
				PRODUCT_BUNDLE_IDENTIFIER = com.rydwandev.ReMediUITests;
				PRODUCT_NAME = "$(TARGET_NAME)";
				SWIFT_EMIT_LOC_STRINGS = NO;
				SWIFT_VERSION = 5.0;
				TARGETED_DEVICE_FAMILY = "1,2";
				TEST_TARGET_NAME = ReMedi;
			};
			name = Debug;
		};
		5DB79D162DAAA00600E39BCD /* Release */ = {
			isa = XCBuildConfiguration;
			buildSettings = {
				CODE_SIGN_STYLE = Automatic;
				CURRENT_PROJECT_VERSION = 1;
				DEVELOPMENT_TEAM = BCLA727S8J;
				GENERATE_INFOPLIST_FILE = YES;
				MARKETING_VERSION = 1.0;
				PRODUCT_BUNDLE_IDENTIFIER = com.rydwandev.ReMediUITests;
				PRODUCT_NAME = "$(TARGET_NAME)";
				SWIFT_EMIT_LOC_STRINGS = NO;
				SWIFT_VERSION = 5.0;
				TARGETED_DEVICE_FAMILY = "1,2";
				TEST_TARGET_NAME = ReMedi;
			};
			name = Release;
		};
/* End XCBuildConfiguration section */

/* Begin XCConfigurationList section */
		5DB79CE52DAAA00400E39BCD /* Build configuration list for PBXProject "ReMedi" */ = {
			isa = XCConfigurationList;
			buildConfigurations = (
				5DB79D0C2DAAA00600E39BCD /* Debug */,
				5DB79D0D2DAAA00600E39BCD /* Release */,
			);
			defaultConfigurationIsVisible = 0;
			defaultConfigurationName = Release;
		};
		5DB79D0E2DAAA00600E39BCD /* Build configuration list for PBXNativeTarget "ReMedi" */ = {
			isa = XCConfigurationList;
			buildConfigurations = (
				5DB79D0F2DAAA00600E39BCD /* Debug */,
				5DB79D102DAAA00600E39BCD /* Release */,
			);
			defaultConfigurationIsVisible = 0;
			defaultConfigurationName = Release;
		};
		5DB79D112DAAA00600E39BCD /* Build configuration list for PBXNativeTarget "ReMediTests" */ = {
			isa = XCConfigurationList;
			buildConfigurations = (
				5DB79D122DAAA00600E39BCD /* Debug */,
				5DB79D132DAAA00600E39BCD /* Release */,
			);
			defaultConfigurationIsVisible = 0;
			defaultConfigurationName = Release;
		};
		5DB79D142DAAA00600E39BCD /* Build configuration list for PBXNativeTarget "ReMediUITests" */ = {
			isa = XCConfigurationList;
			buildConfigurations = (
				5DB79D152DAAA00600E39BCD /* Debug */,
				5DB79D162DAAA00600E39BCD /* Release */,
			);
			defaultConfigurationIsVisible = 0;
			defaultConfigurationName = Release;
		};
/* End XCConfigurationList section */

/* Begin XCRemoteSwiftPackageReference section */
		5D0947072DCD1312006ACA5F /* XCRemoteSwiftPackageReference "Inject" */ = {
			isa = XCRemoteSwiftPackageReference;
			repositoryURL = "https://github.com/krzysztofzablocki/Inject.git";
			requirement = {
				kind = upToNextMajorVersion;
				minimumVersion = 1.5.2;
			};
		};
		5DB79DF92DAAB11500E39BCD /* XCRemoteSwiftPackageReference "swift" */ = {
			isa = XCRemoteSwiftPackageReference;
			repositoryURL = "https://github.com/phosphor-icons/swift";
			requirement = {
				kind = upToNextMajorVersion;
				minimumVersion = 2.1.0;
			};
		};
/* End XCRemoteSwiftPackageReference section */

/* Begin XCSwiftPackageProductDependency section */
		5D0947082DCD1312006ACA5F /* Inject */ = {
			isa = XCSwiftPackageProductDependency;
			package = 5D0947072DCD1312006ACA5F /* XCRemoteSwiftPackageReference "Inject" */;
			productName = Inject;
		};
		5DB79DFA2DAAB11500E39BCD /* PhosphorSwift */ = {
			isa = XCSwiftPackageProductDependency;
			package = 5DB79DF92DAAB11500E39BCD /* XCRemoteSwiftPackageReference "swift" */;
			productName = PhosphorSwift;
		};
/* End XCSwiftPackageProductDependency section */
	};
	rootObject = 5DB79CE22DAAA00400E39BCD /* Project object */;
}
